{
  "name": "furioustools",
  "lockfileVersion": 3,
  "requires": true,
  "packages": {
    "": {
      "dependencies": {
        "@wordpress/dom-ready": "^4.36.0"
      }
    },
    "node_modules/@wordpress/dom-ready": {
      "version": "4.36.0",
      "resolved": "https://registry.npmjs.org/@wordpress/dom-ready/-/dom-ready-4.36.0.tgz",
      "integrity": "sha512-oFhoWcqewtUJ2I3F3YWdrV30LQIPmJgDAgJ+HVt30YSHHBK5Qsb0s0//LeCagkXvXFPXFX2PVyhrq2kq67mqcg==",
      "license": "GPL-2.0-or-later",
      "engines": {
        "node": ">=18.12.0",
        "npm": ">=8.19.2"
      }
    }
  }
}
